// !$*UTF8*$!
{
	archiveVersion = 1;
	classes = {
	};
	objectVersion = 50;
	objects = {

/* Begin PBXBuildFile section */
		D3CA23EE27A67CFA005963FD /* LearningGHApp.swift in Sources */ = {isa = PBXBuildFile; fileRef = D3CA23ED27A67CFA005963FD /* LearningGHApp.swift */; };
		D3CA23F027A67CFA005963FD /* ContentView.swift in Sources */ = {isa = PBXBuildFile; fileRef = D3CA23EF27A67CFA005963FD /* ContentView.swift */; };
		D3CA23F227A67CFD005963FD /* Assets.xcassets in Resources */ = {isa = PBXBuildFile; fileRef = D3CA23F127A67CFD005963FD /* Assets.xcassets */; };
		D3CA23F527A67CFD005963FD /* Preview Assets.xcassets in Resources */ = {isa = PBXBuildFile; fileRef = D3CA23F427A67CFD005963FD /* Preview Assets.xcassets */; };
		D3CA240027A67CFE005963FD /* LearningGHTests.swift in Sources */ = {isa = PBXBuildFile; fileRef = D3CA23FF27A67CFE005963FD /* LearningGHTests.swift */; };
		D3CA240B27A67CFF005963FD /* LearningGHUITests.swift in Sources */ = {isa = PBXBuildFile; fileRef = D3CA240A27A67CFF005963FD /* LearningGHUITests.swift */; };
		D3CA241C27AB813E005963FD /* MyModel.swift in Sources */ = {isa = PBXBuildFile; fileRef = D3CA241B27AB813D005963FD /* MyModel.swift */; };
/* End PBXBuildFile section */

/* Begin PBXContainerItemProxy section */
		D3CA23FC27A67CFE005963FD /* PBXContainerItemProxy */ = {
			isa = PBXContainerItemProxy;
			containerPortal = D3CA23E227A67CF9005963FD /* Project object */;
			proxyType = 1;
			remoteGlobalIDString = D3CA23E927A67CF9005963FD;
			remoteInfo = LearningGH;
		};
		D3CA240727A67CFF005963FD /* PBXContainerItemProxy */ = {
			isa = PBXContainerItemProxy;
			containerPortal = D3CA23E227A67CF9005963FD /* Project object */;
			proxyType = 1;
			remoteGlobalIDString = D3CA23E927A67CF9005963FD;
			remoteInfo = LearningGH;
		};
/* End PBXContainerItemProxy section */

/* Begin PBXFileReference section */
		D3CA23EA27A67CFA005963FD /* LearningGH.app */ = {isa = PBXFileReference; explicitFileType = wrapper.application; includeInIndex = 0; path = LearningGH.app; sourceTree = BUILT_PRODUCTS_DIR; };
		D3CA23ED27A67CFA005963FD /* LearningGHApp.swift */ = {isa = PBXFileReference; lastKnownFileType = sourcecode.swift; path = LearningGHApp.swift; sourceTree = "<group>"; };
		D3CA23EF27A67CFA005963FD /* ContentView.swift */ = {isa = PBXFileReference; lastKnownFileType = sourcecode.swift; path = ContentView.swift; sourceTree = "<group>"; };
		D3CA23F127A67CFD005963FD /* Assets.xcassets */ = {isa = PBXFileReference; lastKnownFileType = folder.assetcatalog; path = Assets.xcassets; sourceTree = "<group>"; };
		D3CA23F427A67CFD005963FD /* Preview Assets.xcassets */ = {isa = PBXFileReference; lastKnownFileType = folder.assetcatalog; path = "Preview Assets.xcassets"; sourceTree = "<group>"; };
		D3CA23F627A67CFD005963FD /* Info.plist */ = {isa = PBXFileReference; lastKnownFileType = text.plist.xml; path = Info.plist; sourceTree = "<group>"; };
		D3CA23FB27A67CFE005963FD /* LearningGHTests.xctest */ = {isa = PBXFileReference; explicitFileType = wrapper.cfbundle; includeInIndex = 0; path = LearningGHTests.xctest; sourceTree = BUILT_PRODUCTS_DIR; };
		D3CA23FF27A67CFE005963FD /* LearningGHTests.swift */ = {isa = PBXFileReference; lastKnownFileType = sourcecode.swift; path = LearningGHTests.swift; sourceTree = "<group>"; };
		D3CA240127A67CFE005963FD /* Info.plist */ = {isa = PBXFileReference; lastKnownFileType = text.plist.xml; path = Info.plist; sourceTree = "<group>"; };
		D3CA240627A67CFE005963FD /* LearningGHUITests.xctest */ = {isa = PBXFileReference; explicitFileType = wrapper.cfbundle; includeInIndex = 0; path = LearningGHUITests.xctest; sourceTree = BUILT_PRODUCTS_DIR; };
		D3CA240A27A67CFF005963FD /* LearningGHUITests.swift */ = {isa = PBXFileReference; lastKnownFileType = sourcecode.swift; path = LearningGHUITests.swift; sourceTree = "<group>"; };
		D3CA240C27A67CFF005963FD /* Info.plist */ = {isa = PBXFileReference; lastKnownFileType = text.plist.xml; path = Info.plist; sourceTree = "<group>"; };
		D3CA241B27AB813D005963FD /* MyModel.swift */ = {isa = PBXFileReference; lastKnownFileType = sourcecode.swift; path = MyModel.swift; sourceTree = "<group>"; };
/* End PBXFileReference section */

/* Begin PBXFrameworksBuildPhase section */
		D3CA23E727A67CF9005963FD /* Frameworks */ = {
			isa = PBXFrameworksBuildPhase;
			buildActionMask = 2147483647;
			files = (
			);
			runOnlyForDeploymentPostprocessing = 0;
		};
		D3CA23F827A67CFE005963FD /* Frameworks */ = {
			isa = PBXFrameworksBuildPhase;
			buildActionMask = 2147483647;
			files = (
			);
			runOnlyForDeploymentPostprocessing = 0;
		};
		D3CA240327A67CFE005963FD /* Frameworks */ = {
			isa = PBXFrameworksBuildPhase;
			buildActionMask = 2147483647;
			files = (
			);
			runOnlyForDeploymentPostprocessing = 0;
		};
/* End PBXFrameworksBuildPhase section */

/* Begin PBXGroup section */
		D3CA23E127A67CF9005963FD = {
			isa = PBXGroup;
			children = (
				D3CA23EC27A67CFA005963FD /* LearningGH */,
				D3CA23FE27A67CFE005963FD /* LearningGHTests */,
				D3CA240927A67CFF005963FD /* LearningGHUITests */,
				D3CA23EB27A67CFA005963FD /* Products */,
			);
			sourceTree = "<group>";
		};
		D3CA23EB27A67CFA005963FD /* Products */ = {
			isa = PBXGroup;
			children = (
				D3CA23EA27A67CFA005963FD /* LearningGH.app */,
				D3CA23FB27A67CFE005963FD /* LearningGHTests.xctest */,
				D3CA240627A67CFE005963FD /* LearningGHUITests.xctest */,
			);
			name = Products;
			sourceTree = "<group>";
		};
		D3CA23EC27A67CFA005963FD /* LearningGH */ = {
			isa = PBXGroup;
			children = (
				D3CA23ED27A67CFA005963FD /* LearningGHApp.swift */,
				D3CA23EF27A67CFA005963FD /* ContentView.swift */,
				D3CA23F127A67CFD005963FD /* Assets.xcassets */,
				D3CA23F627A67CFD005963FD /* Info.plist */,
				D3CA23F327A67CFD005963FD /* Preview Content */,
				D3CA241B27AB813D005963FD /* MyModel.swift */,
			);
			path = LearningGH;
			sourceTree = "<group>";
		};
		D3CA23F327A67CFD005963FD /* Preview Content */ = {
			isa = PBXGroup;
			children = (
				D3CA23F427A67CFD005963FD /* Preview Assets.xcassets */,
			);
			path = "Preview Content";
			sourceTree = "<group>";
		};
		D3CA23FE27A67CFE005963FD /* LearningGHTests */ = {
			isa = PBXGroup;
			children = (
				D3CA23FF27A67CFE005963FD /* LearningGHTests.swift */,
				D3CA240127A67CFE005963FD /* Info.plist */,
			);
			path = LearningGHTests;
			sourceTree = "<group>";
		};
		D3CA240927A67CFF005963FD /* LearningGHUITests */ = {
			isa = PBXGroup;
			children = (
				D3CA240A27A67CFF005963FD /* LearningGHUITests.swift */,
				D3CA240C27A67CFF005963FD /* Info.plist */,
			);
			path = LearningGHUITests;
			sourceTree = "<group>";
		};
/* End PBXGroup section */

/* Begin PBXNativeTarget section */
		D3CA23E927A67CF9005963FD /* LearningGH */ = {
			isa = PBXNativeTarget;
			buildConfigurationList = D3CA240F27A67CFF005963FD /* Build configuration list for PBXNativeTarget "LearningGH" */;
			buildPhases = (
				D3CA23E627A67CF9005963FD /* Sources */,
				D3CA23E727A67CF9005963FD /* Frameworks */,
				D3CA23E827A67CF9005963FD /* Resources */,
			);
			buildRules = (
			);
			dependencies = (
			);
			name = LearningGH;
			productName = LearningGH;
			productReference = D3CA23EA27A67CFA005963FD /* LearningGH.app */;
			productType = "com.apple.product-type.application";
		};
		D3CA23FA27A67CFE005963FD /* LearningGHTests */ = {
			isa = PBXNativeTarget;
			buildConfigurationList = D3CA241227A67CFF005963FD /* Build configuration list for PBXNativeTarget "LearningGHTests" */;
			buildPhases = (
				D3CA23F727A67CFE005963FD /* Sources */,
				D3CA23F827A67CFE005963FD /* Frameworks */,
				D3CA23F927A67CFE005963FD /* Resources */,
			);
			buildRules = (
			);
			dependencies = (
				D3CA23FD27A67CFE005963FD /* PBXTargetDependency */,
			);
			name = LearningGHTests;
			productName = LearningGHTests;
			productReference = D3CA23FB27A67CFE005963FD /* LearningGHTests.xctest */;
			productType = "com.apple.product-type.bundle.unit-test";
		};
		D3CA240527A67CFE005963FD /* LearningGHUITests */ = {
			isa = PBXNativeTarget;
			buildConfigurationList = D3CA241527A67CFF005963FD /* Build configuration list for PBXNativeTarget "LearningGHUITests" */;
			buildPhases = (
				D3CA240227A67CFE005963FD /* Sources */,
				D3CA240327A67CFE005963FD /* Frameworks */,
				D3CA240427A67CFE005963FD /* Resources */,
			);
			buildRules = (
			);
			dependencies = (
				D3CA240827A67CFF005963FD /* PBXTargetDependency */,
			);
			name = LearningGHUITests;
			productName = LearningGHUITests;
			productReference = D3CA240627A67CFE005963FD /* LearningGHUITests.xctest */;
			productType = "com.apple.product-type.bundle.ui-testing";
		};
/* End PBXNativeTarget section */

/* Begin PBXProject section */
		D3CA23E227A67CF9005963FD /* Project object */ = {
			isa = PBXProject;
			attributes = {
				LastSwiftUpdateCheck = 1240;
				LastUpgradeCheck = 1240;
				TargetAttributes = {
					D3CA23E927A67CF9005963FD = {
						CreatedOnToolsVersion = 12.4;
					};
					D3CA23FA27A67CFE005963FD = {
						CreatedOnToolsVersion = 12.4;
						TestTargetID = D3CA23E927A67CF9005963FD;
					};
					D3CA240527A67CFE005963FD = {
						CreatedOnToolsVersion = 12.4;
						TestTargetID = D3CA23E927A67CF9005963FD;
					};
				};
			};
			buildConfigurationList = D3CA23E527A67CF9005963FD /* Build configuration list for PBXProject "LearningGH" */;
			compatibilityVersion = "Xcode 9.3";
			developmentRegion = en;
			hasScannedForEncodings = 0;
			knownRegions = (
				en,
				Base,
			);
			mainGroup = D3CA23E127A67CF9005963FD;
			productRefGroup = D3CA23EB27A67CFA005963FD /* Products */;
			projectDirPath = "";
			projectRoot = "";
			targets = (
				D3CA23E927A67CF9005963FD /* LearningGH */,
				D3CA23FA27A67CFE005963FD /* LearningGHTests */,
				D3CA240527A67CFE005963FD /* LearningGHUITests */,
			);
		};
/* End PBXProject section */

/* Begin PBXResourcesBuildPhase section */
		D3CA23E827A67CF9005963FD /* Resources */ = {
			isa = PBXResourcesBuildPhase;
			buildActionMask = 2147483647;
			files = (
				D3CA23F527A67CFD005963FD /* Preview Assets.xcassets in Resources */,
				D3CA23F227A67CFD005963FD /* Assets.xcassets in Resources */,
			);
			runOnlyForDeploymentPostprocessing = 0;
		};
		D3CA23F927A67CFE005963FD /* Resources */ = {
			isa = PBXResourcesBuildPhase;
			buildActionMask = 2147483647;
			files = (
			);
			runOnlyForDeploymentPostprocessing = 0;
		};
		D3CA240427A67CFE005963FD /* Resources */ = {
			isa = PBXResourcesBuildPhase;
			buildActionMask = 2147483647;
			files = (
			);
			runOnlyForDeploymentPostprocessing = 0;
		};
/* End PBXResourcesBuildPhase section */

/* Begin PBXSourcesBuildPhase section */
		D3CA23E627A67CF9005963FD /* Sources */ = {
			isa = PBXSourcesBuildPhase;
			buildActionMask = 2147483647;
			files = (
				D3CA23F027A67CFA005963FD /* ContentView.swift in Sources */,
				D3CA241C27AB813E005963FD /* MyModel.swift in Sources */,
				D3CA23EE27A67CFA005963FD /* LearningGHApp.swift in Sources */,
			);
			runOnlyForDeploymentPostprocessing = 0;
		};
		D3CA23F727A67CFE005963FD /* Sources */ = {
			isa = PBXSourcesBuildPhase;
			buildActionMask = 2147483647;
			files = (
				D3CA240027A67CFE005963FD /* LearningGHTests.swift in Sources */,
			);
			runOnlyForDeploymentPostprocessing = 0;
		};
		D3CA240227A67CFE005963FD /* Sources */ = {
			isa = PBXSourcesBuildPhase;
			buildActionMask = 2147483647;
			files = (
				D3CA240B27A67CFF005963FD /* LearningGHUITests.swift in Sources */,
			);
			runOnlyForDeploymentPostprocessing = 0;
		};
/* End PBXSourcesBuildPhase section */

/* Begin PBXTargetDependency section */
		D3CA23FD27A67CFE005963FD /* PBXTargetDependency */ = {
			isa = PBXTargetDependency;
			target = D3CA23E927A67CF9005963FD /* LearningGH */;
			targetProxy = D3CA23FC27A67CFE005963FD /* PBXContainerItemProxy */;
		};
		D3CA240827A67CFF005963FD /* PBXTargetDependency */ = {
			isa = PBXTargetDependency;
			target = D3CA23E927A67CF9005963FD /* LearningGH */;
			targetProxy = D3CA240727A67CFF005963FD /* PBXContainerItemProxy */;
		};
/* End PBXTargetDependency section */

/* Begin XCBuildConfiguration section */
		D3CA240D27A67CFF005963FD /* Debug */ = {
			isa = XCBuildConfiguration;
			buildSettings = {
				ALWAYS_SEARCH_USER_PATHS = NO;
				CLANG_ANALYZER_NONNULL = YES;
				CLANG_ANALYZER_NUMBER_OBJECT_CONVERSION = YES_AGGRESSIVE;
				CLANG_CXX_LANGUAGE_STANDARD = "gnu++14";
				CLANG_CXX_LIBRARY = "libc++";
				CLANG_ENABLE_MODULES = YES;
				CLANG_ENABLE_OBJC_ARC = YES;
				CLANG_ENABLE_OBJC_WEAK = YES;
				CLANG_WARN_BLOCK_CAPTURE_AUTORELEASING = YES;
				CLANG_WARN_BOOL_CONVERSION = YES;
				CLANG_WARN_COMMA = YES;
				CLANG_WARN_CONSTANT_CONVERSION = YES;
				CLANG_WARN_DEPRECATED_OBJC_IMPLEMENTATIONS = YES;
				CLANG_WARN_DIRECT_OBJC_ISA_USAGE = YES_ERROR;
				CLANG_WARN_DOCUMENTATION_COMMENTS = YES;
				CLANG_WARN_EMPTY_BODY = YES;
				CLANG_WARN_ENUM_CONVERSION = YES;
				CLANG_WARN_INFINITE_RECURSION = YES;
				CLANG_WARN_INT_CONVERSION = YES;
				CLANG_WARN_NON_LITERAL_NULL_CONVERSION = YES;
				CLANG_WARN_OBJC_IMPLICIT_RETAIN_SELF = YES;
				CLANG_WARN_OBJC_LITERAL_CONVERSION = YES;
				CLANG_WARN_OBJC_ROOT_CLASS = YES_ERROR;
				CLANG_WARN_QUOTED_INCLUDE_IN_FRAMEWORK_HEADER = YES;
				CLANG_WARN_RANGE_LOOP_ANALYSIS = YES;
				CLANG_WARN_STRICT_PROTOTYPES = YES;
				CLANG_WARN_SUSPICIOUS_MOVE = YES;
				CLANG_WARN_UNGUARDED_AVAILABILITY = YES_AGGRESSIVE;
				CLANG_WARN_UNREACHABLE_CODE = YES;
				CLANG_WARN__DUPLICATE_METHOD_MATCH = YES;
				COPY_PHASE_STRIP = NO;
				DEBUG_INFORMATION_FORMAT = dwarf;
				ENABLE_STRICT_OBJC_MSGSEND = YES;
				ENABLE_TESTABILITY = YES;
				GCC_C_LANGUAGE_STANDARD = gnu11;
				GCC_DYNAMIC_NO_PIC = NO;
				GCC_NO_COMMON_BLOCKS = YES;
				GCC_OPTIMIZATION_LEVEL = 0;
				GCC_PREPROCESSOR_DEFINITIONS = (
					"DEBUG=1",
					"$(inherited)",
				);
				GCC_WARN_64_TO_32_BIT_CONVERSION = YES;
				GCC_WARN_ABOUT_RETURN_TYPE = YES_ERROR;
				GCC_WARN_UNDECLARED_SELECTOR = YES;
				GCC_WARN_UNINITIALIZED_AUTOS = YES_AGGRESSIVE;
				GCC_WARN_UNUSED_FUNCTION = YES;
				GCC_WARN_UNUSED_VARIABLE = YES;
				IPHONEOS_DEPLOYMENT_TARGET = 14.4;
				MTL_ENABLE_DEBUG_INFO = INCLUDE_SOURCE;
				MTL_FAST_MATH = YES;
				ONLY_ACTIVE_ARCH = YES;
				SDKROOT = iphoneos;
				SWIFT_ACTIVE_COMPILATION_CONDITIONS = DEBUG;
				SWIFT_OPTIMIZATION_LEVEL = "-Onone";
			};
			name = Debug;
		};
		D3CA240E27A67CFF005963FD /* Release */ = {
			isa = XCBuildConfiguration;
			buildSettings = {
				ALWAYS_SEARCH_USER_PATHS = NO;
				CLANG_ANALYZER_NONNULL = YES;
				CLANG_ANALYZER_NUMBER_OBJECT_CONVERSION = YES_AGGRESSIVE;
				CLANG_CXX_LANGUAGE_STANDARD = "gnu++14";
				CLANG_CXX_LIBRARY = "libc++";
				CLANG_ENABLE_MODULES = YES;
				CLANG_ENABLE_OBJC_ARC = YES;
				CLANG_ENABLE_OBJC_WEAK = YES;
				CLANG_WARN_BLOCK_CAPTURE_AUTORELEASING = YES;
				CLANG_WARN_BOOL_CONVERSION = YES;
				CLANG_WARN_COMMA = YES;
				CLANG_WARN_CONSTANT_CONVERSION = YES;
				CLANG_WARN_DEPRECATED_OBJC_IMPLEMENTATIONS = YES;
				CLANG_WARN_DIRECT_OBJC_ISA_USAGE = YES_ERROR;
				CLANG_WARN_DOCUMENTATION_COMMENTS = YES;
				CLANG_WARN_EMPTY_BODY = YES;
				CLANG_WARN_ENUM_CONVERSION = YES;
				CLANG_WARN_INFINITE_RECURSION = YES;
				CLANG_WARN_INT_CONVERSION = YES;
				CLANG_WARN_NON_LITERAL_NULL_CONVERSION = YES;
				CLANG_WARN_OBJC_IMPLICIT_RETAIN_SELF = YES;
				CLANG_WARN_OBJC_LITERAL_CONVERSION = YES;
				CLANG_WARN_OBJC_ROOT_CLASS = YES_ERROR;
				CLANG_WARN_QUOTED_INCLUDE_IN_FRAMEWORK_HEADER = YES;
				CLANG_WARN_RANGE_LOOP_ANALYSIS = YES;
				CLANG_WARN_STRICT_PROTOTYPES = YES;
				CLANG_WARN_SUSPICIOUS_MOVE = YES;
				CLANG_WARN_UNGUARDED_AVAILABILITY = YES_AGGRESSIVE;
				CLANG_WARN_UNREACHABLE_CODE = YES;
				CLANG_WARN__DUPLICATE_METHOD_MATCH = YES;
				COPY_PHASE_STRIP = NO;
				DEBUG_INFORMATION_FORMAT = "dwarf-with-dsym";
				ENABLE_NS_ASSERTIONS = NO;
				ENABLE_STRICT_OBJC_MSGSEND = YES;
				GCC_C_LANGUAGE_STANDARD = gnu11;
				GCC_NO_COMMON_BLOCKS = YES;
				GCC_WARN_64_TO_32_BIT_CONVERSION = YES;
				GCC_WARN_ABOUT_RETURN_TYPE = YES_ERROR;
				GCC_WARN_UNDECLARED_SELECTOR = YES;
				GCC_WARN_UNINITIALIZED_AUTOS = YES_AGGRESSIVE;
				GCC_WARN_UNUSED_FUNCTION = YES;
				GCC_WARN_UNUSED_VARIABLE = YES;
				IPHONEOS_DEPLOYMENT_TARGET = 14.4;
				MTL_ENABLE_DEBUG_INFO = NO;
				MTL_FAST_MATH = YES;
				SDKROOT = iphoneos;
				SWIFT_COMPILATION_MODE = wholemodule;
				SWIFT_OPTIMIZATION_LEVEL = "-O";
				VALIDATE_PRODUCT = YES;
			};
			name = Release;
		};
		D3CA241027A67CFF005963FD /* Debug */ = {
			isa = XCBuildConfiguration;
			buildSettings = {
				ASSETCATALOG_COMPILER_APPICON_NAME = AppIcon;
				ASSETCATALOG_COMPILER_GLOBAL_ACCENT_COLOR_NAME = AccentColor;
				CODE_SIGN_STYLE = Automatic;
				DEVELOPMENT_ASSET_PATHS = "\"LearningGH/Preview Content\"";
				DEVELOPMENT_TEAM = 34B97872VM;
				ENABLE_PREVIEWS = YES;
				INFOPLIST_FILE = LearningGH/Info.plist;
				IPHONEOS_DEPLOYMENT_TARGET = 14.0;
				LD_RUNPATH_SEARCH_PATHS = (
					"$(inherited)",
					"@executable_path/Frameworks",
				);
				PRODUCT_BUNDLE_IDENTIFIER = "-.10.21-Lesson1.LearningGH";
				PRODUCT_NAME = "$(TARGET_NAME)";
				SWIFT_VERSION = 5.0;
				TARGETED_DEVICE_FAMILY = "1,2";
			};
			name = Debug;
		};
		D3CA241127A67CFF005963FD /* Release */ = {
			isa = XCBuildConfiguration;
			buildSettings = {
				ASSETCATALOG_COMPILER_APPICON_NAME = AppIcon;
				ASSETCATALOG_COMPILER_GLOBAL_ACCENT_COLOR_NAME = AccentColor;
				CODE_SIGN_STYLE = Automatic;
				DEVELOPMENT_ASSET_PATHS = "\"LearningGH/Preview Content\"";
				DEVELOPMENT_TEAM = 34B97872VM;
				ENABLE_PREVIEWS = YES;
				INFOPLIST_FILE = LearningGH/Info.plist;
				IPHONEOS_DEPLOYMENT_TARGET = 14.0;
				LD_RUNPATH_SEARCH_PATHS = (
					"$(inherited)",
					"@executable_path/Frameworks",
				);
				PRODUCT_BUNDLE_IDENTIFIER = "-.10.21-Lesson1.LearningGH";
				PRODUCT_NAME = "$(TARGET_NAME)";
				SWIFT_VERSION = 5.0;
				TARGETED_DEVICE_FAMILY = "1,2";
			};
			name = Release;
		};
		D3CA241327A67CFF005963FD /* Debug */ = {
			isa = XCBuildConfiguration;
			buildSettings = {
				ALWAYS_EMBED_SWIFT_STANDARD_LIBRARIES = YES;
				BUNDLE_LOADER = "$(TEST_HOST)";
				CODE_SIGN_STYLE = Automatic;
				DEVELOPMENT_TEAM = 34B97872VM;
				INFOPLIST_FILE = LearningGHTests/Info.plist;
				IPHONEOS_DEPLOYMENT_TARGET = 14.0;
				LD_RUNPATH_SEARCH_PATHS = (
					"$(inherited)",
					"@executable_path/Frameworks",
					"@loader_path/Frameworks",
				);
				PRODUCT_BUNDLE_IDENTIFIER = "-.10.21-Lesson1.LearningGHTests";
				PRODUCT_NAME = "$(TARGET_NAME)";
				SWIFT_VERSION = 5.0;
				TARGETED_DEVICE_FAMILY = "1,2";
				TEST_HOST = "$(BUILT_PRODUCTS_DIR)/LearningGH.app/LearningGH";
			};
			name = Debug;
		};
		D3CA241427A67CFF005963FD /* Release */ = {
			isa = XCBuildConfiguration;
			buildSettings = {
				ALWAYS_EMBED_SWIFT_STANDARD_LIBRARIES = YES;
				BUNDLE_LOADER = "$(TEST_HOST)";
				CODE_SIGN_STYLE = Automatic;
				DEVELOPMENT_TEAM = 34B97872VM;
				INFOPLIST_FILE = LearningGHTests/Info.plist;
				IPHONEOS_DEPLOYMENT_TARGET = 14.0;
				LD_RUNPATH_SEARCH_PATHS = (
					"$(inherited)",
					"@executable_path/Frameworks",
					"@loader_path/Frameworks",
				);
				PRODUCT_BUNDLE_IDENTIFIER = "-.10.21-Lesson1.LearningGHTests";
				PRODUCT_NAME = "$(TARGET_NAME)";
				SWIFT_VERSION = 5.0;
				TARGETED_DEVICE_FAMILY = "1,2";
				TEST_HOST = "$(BUILT_PRODUCTS_DIR)/LearningGH.app/LearningGH";
			};
			name = Release;
		};
		D3CA241627A67CFF005963FD /* Debug */ = {
			isa = XCBuildConfiguration;
			buildSettings = {
				ALWAYS_EMBED_SWIFT_STANDARD_LIBRARIES = YES;
				CODE_SIGN_STYLE = Automatic;
				DEVELOPMENT_TEAM = 34B97872VM;
				INFOPLIST_FILE = LearningGHUITests/Info.plist;
				LD_RUNPATH_SEARCH_PATHS = (
					"$(inherited)",
					"@executable_path/Frameworks",
					"@loader_path/Frameworks",
				);
				PRODUCT_BUNDLE_IDENTIFIER = "-.10.21-Lesson1.LearningGHUITests";
				PRODUCT_NAME = "$(TARGET_NAME)";
				SWIFT_VERSION = 5.0;
				TARGETED_DEVICE_FAMILY = "1,2";
				TEST_TARGET_NAME = LearningGH;
			};
			name = Debug;
		};
		D3CA241727A67CFF005963FD /* Release */ = {
			isa = XCBuildConfiguration;
			buildSettings = {
				ALWAYS_EMBED_SWIFT_STANDARD_LIBRARIES = YES;
				CODE_SIGN_STYLE = Automatic;
				DEVELOPMENT_TEAM = 34B97872VM;
				INFOPLIST_FILE = LearningGHUITests/Info.plist;
				LD_RUNPATH_SEARCH_PATHS = (
					"$(inherited)",
					"@executable_path/Frameworks",
					"@loader_path/Frameworks",
				);
				PRODUCT_BUNDLE_IDENTIFIER = "-.10.21-Lesson1.LearningGHUITests";
				PRODUCT_NAME = "$(TARGET_NAME)";
				SWIFT_VERSION = 5.0;
				TARGETED_DEVICE_FAMILY = "1,2";
				TEST_TARGET_NAME = LearningGH;
			};
			name = Release;
		};
/* End XCBuildConfiguration section */

/* Begin XCConfigurationList section */
		D3CA23E527A67CF9005963FD /* Build configuration list for PBXProject "LearningGH" */ = {
			isa = XCConfigurationList;
			buildConfigurations = (
				D3CA240D27A67CFF005963FD /* Debug */,
				D3CA240E27A67CFF005963FD /* Release */,
			);
			defaultConfigurationIsVisible = 0;
			defaultConfigurationName = Release;
		};
		D3CA240F27A67CFF005963FD /* Build configuration list for PBXNativeTarget "LearningGH" */ = {
			isa = XCConfigurationList;
			buildConfigurations = (
				D3CA241027A67CFF005963FD /* Debug */,
				D3CA241127A67CFF005963FD /* Release */,
			);
			defaultConfigurationIsVisible = 0;
			defaultConfigurationName = Release;
		};
		D3CA241227A67CFF005963FD /* Build configuration list for PBXNativeTarget "LearningGHTests" */ = {
			isa = XCConfigurationList;
			buildConfigurations = (
				D3CA241327A67CFF005963FD /* Debug */,
				D3CA241427A67CFF005963FD /* Release */,
			);
			defaultConfigurationIsVisible = 0;
			defaultConfigurationName = Release;
		};
		D3CA241527A67CFF005963FD /* Build configuration list for PBXNativeTarget "LearningGHUITests" */ = {
			isa = XCConfigurationList;
			buildConfigurations = (
				D3CA241627A67CFF005963FD /* Debug */,
				D3CA241727A67CFF005963FD /* Release */,
			);
			defaultConfigurationIsVisible = 0;
			defaultConfigurationName = Release;
		};
/* End XCConfigurationList section */
	};
	rootObject = D3CA23E227A67CF9005963FD /* Project object */;
}
